
Microsoft Visual Studio Solution File, Format Version 12.00
# Visual Studio 15
VisualStudioVersion = 15.0.26403.7
MinimumVisualStudioVersion = 10.0.40219.1
Project("{FAE04EC0-301F-11D3-BF4B-00C04F79EFBC}") = "Common", "Common\Common.csproj", "{541B4F5A-C550-4629-8BA3-455F26F10E9E}"
EndProject
Project("{FAE04EC0-301F-11D3-BF4B-00C04F79EFBC}") = "VirtualFileSystem.Common", "VirtualFileSystem.Common\VirtualFileSystem.Common.csproj", "{088CFC42-3515-45CE-841F-80663FCBC447}"
EndProject
Project("{FAE04EC0-301F-11D3-BF4B-00C04F79EFBC}") = "VirtualFileSystem.Model", "VirtualFileSystem.Model\VirtualFileSystem.Model.csproj", "{974107D1-26E9-4C1E-96AF-329A8AD30FFC}"
EndProject
Project("{9A19103F-16F7-4668-BE54-9A1E7A4F7556}") = "VirtualFileSystemClient.Model.Common", "VirtualFileSystemClient.Model.Common\VirtualFileSystemClient.Model.Common.csproj", "{E64400B8-B1C6-4C74-8F7C-722F1EC01C2B}"
EndProject
Project("{FAE04EC0-301F-11D3-BF4B-00C04F79EFBC}") = "VirtualFileSystemClient", "VirtualFileSystemClient\VirtualFileSystemClient.csproj", "{23E473C0-4752-49B4-BF0A-A5FD94A5DF40}"
	ProjectSection(ProjectDependencies) = postProject
		{ABD16C53-55D0-46A5-B19B-D8283C28CFAA} = {ABD16C53-55D0-46A5-B19B-D8283C28CFAA}
	EndProjectSection
EndProject
Project("{FAE04EC0-301F-11D3-BF4B-00C04F79EFBC}") = "VirtualFileSystem.ServiceModel", "VirtualFileSystem.ServiceModel\VirtualFileSystem.ServiceModel.csproj", "{ABD16C53-55D0-46A5-B19B-D8283C28CFAA}"
EndProject
Project("{FAE04EC0-301F-11D3-BF4B-00C04F79EFBC}") = "VirtualFileSystem.WindowsService", "VirtualFileSystem.WindowsService\VirtualFileSystem.WindowsService.csproj", "{F2D18D0D-7E36-4F0C-BA4D-CF8192C84D8B}"
EndProject
Project("{FAE04EC0-301F-11D3-BF4B-00C04F79EFBC}") = "VirtualFileSystemClient.Model", "VirtualFileSystemClient.Model\VirtualFileSystemClient.Model.csproj", "{058A9F46-645B-4626-9F70-5DDDC037BBAE}"
	ProjectSection(ProjectDependencies) = postProject
		{ABD16C53-55D0-46A5-B19B-D8283C28CFAA} = {ABD16C53-55D0-46A5-B19B-D8283C28CFAA}
	EndProjectSection
EndProject
Project("{FAE04EC0-301F-11D3-BF4B-00C04F79EFBC}") = "VirtualFileSystem.Model.Console", "VirtualFileSystem.Model.Console\VirtualFileSystem.Model.Console.csproj", "{BEF8D427-6D8C-4114-B18E-5E0993BFAEC9}"
EndProject
Global
	GlobalSection(SolutionConfigurationPlatforms) = preSolution
		Debug|Any CPU = Debug|Any CPU
		Release|Any CPU = Release|Any CPU
	EndGlobalSection
	GlobalSection(ProjectConfigurationPlatforms) = postSolution
		{541B4F5A-C550-4629-8BA3-455F26F10E9E}.Debug|Any CPU.ActiveCfg = Debug|Any CPU
		{541B4F5A-C550-4629-8BA3-455F26F10E9E}.Debug|Any CPU.Build.0 = Debug|Any CPU
		{541B4F5A-C550-4629-8BA3-455F26F10E9E}.Release|Any CPU.ActiveCfg = Release|Any CPU
		{541B4F5A-C550-4629-8BA3-455F26F10E9E}.Release|Any CPU.Build.0 = Release|Any CPU
		{088CFC42-3515-45CE-841F-80663FCBC447}.Debug|Any CPU.ActiveCfg = Debug|Any CPU
		{088CFC42-3515-45CE-841F-80663FCBC447}.Debug|Any CPU.Build.0 = Debug|Any CPU
		{088CFC42-3515-45CE-841F-80663FCBC447}.Release|Any CPU.ActiveCfg = Release|Any CPU
		{088CFC42-3515-45CE-841F-80663FCBC447}.Release|Any CPU.Build.0 = Release|Any CPU
		{974107D1-26E9-4C1E-96AF-329A8AD30FFC}.Debug|Any CPU.ActiveCfg = Debug|Any CPU
		{974107D1-26E9-4C1E-96AF-329A8AD30FFC}.Debug|Any CPU.Build.0 = Debug|Any CPU
		{974107D1-26E9-4C1E-96AF-329A8AD30FFC}.Release|Any CPU.ActiveCfg = Release|Any CPU
		{974107D1-26E9-4C1E-96AF-329A8AD30FFC}.Release|Any CPU.Build.0 = Release|Any CPU
		{E64400B8-B1C6-4C74-8F7C-722F1EC01C2B}.Debug|Any CPU.ActiveCfg = Debug|Any CPU
		{E64400B8-B1C6-4C74-8F7C-722F1EC01C2B}.Debug|Any CPU.Build.0 = Debug|Any CPU
		{E64400B8-B1C6-4C74-8F7C-722F1EC01C2B}.Release|Any CPU.ActiveCfg = Release|Any CPU
		{E64400B8-B1C6-4C74-8F7C-722F1EC01C2B}.Release|Any CPU.Build.0 = Release|Any CPU
		{23E473C0-4752-49B4-BF0A-A5FD94A5DF40}.Debug|Any CPU.ActiveCfg = Debug|Any CPU
		{23E473C0-4752-49B4-BF0A-A5FD94A5DF40}.Debug|Any CPU.Build.0 = Debug|Any CPU
		{23E473C0-4752-49B4-BF0A-A5FD94A5DF40}.Release|Any CPU.ActiveCfg = Release|Any CPU
		{23E473C0-4752-49B4-BF0A-A5FD94A5DF40}.Release|Any CPU.Build.0 = Release|Any CPU
		{ABD16C53-55D0-46A5-B19B-D8283C28CFAA}.Debug|Any CPU.ActiveCfg = Debug|Any CPU
		{ABD16C53-55D0-46A5-B19B-D8283C28CFAA}.Debug|Any CPU.Build.0 = Debug|Any CPU
		{ABD16C53-55D0-46A5-B19B-D8283C28CFAA}.Release|Any CPU.ActiveCfg = Release|Any CPU
		{ABD16C53-55D0-46A5-B19B-D8283C28CFAA}.Release|Any CPU.Build.0 = Release|Any CPU
		{F2D18D0D-7E36-4F0C-BA4D-CF8192C84D8B}.Debug|Any CPU.ActiveCfg = Debug|Any CPU
		{F2D18D0D-7E36-4F0C-BA4D-CF8192C84D8B}.Debug|Any CPU.Build.0 = Debug|Any CPU
		{F2D18D0D-7E36-4F0C-BA4D-CF8192C84D8B}.Release|Any CPU.ActiveCfg = Release|Any CPU
		{F2D18D0D-7E36-4F0C-BA4D-CF8192C84D8B}.Release|Any CPU.Build.0 = Release|Any CPU
		{058A9F46-645B-4626-9F70-5DDDC037BBAE}.Debug|Any CPU.ActiveCfg = Debug|Any CPU
		{058A9F46-645B-4626-9F70-5DDDC037BBAE}.Debug|Any CPU.Build.0 = Debug|Any CPU
		{058A9F46-645B-4626-9F70-5DDDC037BBAE}.Release|Any CPU.ActiveCfg = Release|Any CPU
		{058A9F46-645B-4626-9F70-5DDDC037BBAE}.Release|Any CPU.Build.0 = Release|Any CPU
		{BEF8D427-6D8C-4114-B18E-5E0993BFAEC9}.Debug|Any CPU.ActiveCfg = Debug|Any CPU
		{BEF8D427-6D8C-4114-B18E-5E0993BFAEC9}.Debug|Any CPU.Build.0 = Debug|Any CPU
		{BEF8D427-6D8C-4114-B18E-5E0993BFAEC9}.Release|Any CPU.ActiveCfg = Release|Any CPU
		{BEF8D427-6D8C-4114-B18E-5E0993BFAEC9}.Release|Any CPU.Build.0 = Release|Any CPU
	EndGlobalSection
	GlobalSection(SolutionProperties) = preSolution
		HideSolutionNode = FALSE
	EndGlobalSection
EndGlobal
