
Microsoft Visual Studio Solution File, Format Version 12.00
# Visual Studio 14
VisualStudioVersion = 14.0.25123.0
MinimumVisualStudioVersion = 10.0.40219.1
Project("{FAE04EC0-301F-11D3-BF4B-00C04F79EFBC}") = "VirtualFileSystem.Model", "VirtualFileSystem.Model\VirtualFileSystem.Model.csproj", "{4BEC7AD9-8DCE-46BA-B78E-64CED6785573}"
EndProject
Project("{FAE04EC0-301F-11D3-BF4B-00C04F79EFBC}") = "VFSClient.Model", "VFSClient.Model\VFSClient.Model.csproj", "{2BD4316F-B7C1-4F81-9526-52ACD1F64E9D}"
EndProject
Project("{FAE04EC0-301F-11D3-BF4B-00C04F79EFBC}") = "VFSClient", "VFSClient\VFSClient.csproj", "{23E473C0-4752-49B4-BF0A-A5FD94A5DF40}"
EndProject
Project("{FAE04EC0-301F-11D3-BF4B-00C04F79EFBC}") = "VirtualFileSystem.Service", "VirtualFileSystem.Service\VirtualFileSystem.Service.csproj", "{E52ED260-44A2-4545-A82B-95ECC46C8F25}"
EndProject
Project("{FAE04EC0-301F-11D3-BF4B-00C04F79EFBC}") = "VFSCommon", "VFSCommon\VFSCommon.csproj", "{8C825BFE-1E4B-458E-A5EE-06357A3DD345}"
EndProject
Global
	GlobalSection(SolutionConfigurationPlatforms) = preSolution
		Debug|Any CPU = Debug|Any CPU
		Release|Any CPU = Release|Any CPU
	EndGlobalSection
	GlobalSection(ProjectConfigurationPlatforms) = postSolution
		{4BEC7AD9-8DCE-46BA-B78E-64CED6785573}.Debug|Any CPU.ActiveCfg = Release|Any CPU
		{4BEC7AD9-8DCE-46BA-B78E-64CED6785573}.Debug|Any CPU.Build.0 = Release|Any CPU
		{4BEC7AD9-8DCE-46BA-B78E-64CED6785573}.Release|Any CPU.ActiveCfg = Release|Any CPU
		{4BEC7AD9-8DCE-46BA-B78E-64CED6785573}.Release|Any CPU.Build.0 = Release|Any CPU
		{2BD4316F-B7C1-4F81-9526-52ACD1F64E9D}.Debug|Any CPU.ActiveCfg = Debug|Any CPU
		{2BD4316F-B7C1-4F81-9526-52ACD1F64E9D}.Debug|Any CPU.Build.0 = Debug|Any CPU
		{2BD4316F-B7C1-4F81-9526-52ACD1F64E9D}.Release|Any CPU.ActiveCfg = Release|Any CPU
		{2BD4316F-B7C1-4F81-9526-52ACD1F64E9D}.Release|Any CPU.Build.0 = Release|Any CPU
		{23E473C0-4752-49B4-BF0A-A5FD94A5DF40}.Debug|Any CPU.ActiveCfg = Debug|Any CPU
		{23E473C0-4752-49B4-BF0A-A5FD94A5DF40}.Debug|Any CPU.Build.0 = Debug|Any CPU
		{23E473C0-4752-49B4-BF0A-A5FD94A5DF40}.Release|Any CPU.ActiveCfg = Release|Any CPU
		{23E473C0-4752-49B4-BF0A-A5FD94A5DF40}.Release|Any CPU.Build.0 = Release|Any CPU
		{E52ED260-44A2-4545-A82B-95ECC46C8F25}.Debug|Any CPU.ActiveCfg = Release|Any CPU
		{E52ED260-44A2-4545-A82B-95ECC46C8F25}.Debug|Any CPU.Build.0 = Release|Any CPU
		{E52ED260-44A2-4545-A82B-95ECC46C8F25}.Release|Any CPU.ActiveCfg = Release|Any CPU
		{E52ED260-44A2-4545-A82B-95ECC46C8F25}.Release|Any CPU.Build.0 = Release|Any CPU
		{8C825BFE-1E4B-458E-A5EE-06357A3DD345}.Debug|Any CPU.ActiveCfg = Release|Any CPU
		{8C825BFE-1E4B-458E-A5EE-06357A3DD345}.Debug|Any CPU.Build.0 = Release|Any CPU
		{8C825BFE-1E4B-458E-A5EE-06357A3DD345}.Release|Any CPU.ActiveCfg = Release|Any CPU
		{8C825BFE-1E4B-458E-A5EE-06357A3DD345}.Release|Any CPU.Build.0 = Release|Any CPU
	EndGlobalSection
	GlobalSection(SolutionProperties) = preSolution
		HideSolutionNode = FALSE
	EndGlobalSection
EndGlobal
